
Microsoft Visual Studio Solution File, Format Version 10.00
# Visual Studio 2008
Project("{FAE04EC0-301F-11D3-BF4B-00C04F79EFBC}") = "Security.Cryptography", "src\Security.Cryptography.csproj", "{BC2A6C7D-B214-4F63-8D78-49485FE47020}"
EndProject
Project("{FAE04EC0-301F-11D3-BF4B-00C04F79EFBC}") = "Security.Cryptography.Test", "test\Security.Cryptography.Test.csproj", "{A70A5D06-F213-44DA-A2B9-FE8FBA4BA856}"
EndProject
Project("{2150E333-8FDC-42A3-9474-1A3956D46DE8}") = "Solution Items", "Solution Items", "{59141B16-4617-4553-A0A3-0C0A8A9D5231}"
	ProjectSection(SolutionItems) = preProject
		AssemblyVersion.cs = AssemblyVersion.cs
		LocalTestRun.testrunconfig = LocalTestRun.testrunconfig
		Security.Cryptography.vsmdi = Security.Cryptography.vsmdi
	EndProjectSection
EndProject
Global
	GlobalSection(TestCaseManagementSettings) = postSolution
		CategoryFile = Security.Cryptography.vsmdi
	EndGlobalSection
	GlobalSection(SolutionConfigurationPlatforms) = preSolution
		Debug|Any CPU = Debug|Any CPU
		Release|Any CPU = Release|Any CPU
	EndGlobalSection
	GlobalSection(ProjectConfigurationPlatforms) = postSolution
		{BC2A6C7D-B214-4F63-8D78-49485FE47020}.Debug|Any CPU.ActiveCfg = Debug|Any CPU
		{BC2A6C7D-B214-4F63-8D78-49485FE47020}.Debug|Any CPU.Build.0 = Debug|Any CPU
		{BC2A6C7D-B214-4F63-8D78-49485FE47020}.Release|Any CPU.ActiveCfg = Release|Any CPU
		{BC2A6C7D-B214-4F63-8D78-49485FE47020}.Release|Any CPU.Build.0 = Release|Any CPU
		{A70A5D06-F213-44DA-A2B9-FE8FBA4BA856}.Debug|Any CPU.ActiveCfg = Debug|Any CPU
		{A70A5D06-F213-44DA-A2B9-FE8FBA4BA856}.Debug|Any CPU.Build.0 = Debug|Any CPU
		{A70A5D06-F213-44DA-A2B9-FE8FBA4BA856}.Release|Any CPU.ActiveCfg = Release|Any CPU
		{A70A5D06-F213-44DA-A2B9-FE8FBA4BA856}.Release|Any CPU.Build.0 = Release|Any CPU
	EndGlobalSection
	GlobalSection(SolutionProperties) = preSolution
		HideSolutionNode = FALSE
	EndGlobalSection
EndGlobal
